// !$*UTF8*$!
{
	archiveVersion = 1;
	classes = {
	};
	objectVersion = 48;
	objects = {

/* Begin PBXBuildFile section */
		09D54588A8231E6ECAB5F6A7 /* Pods_EventsBy.framework in Frameworks */ = {isa = PBXBuildFile; fileRef = 0296282F67DE263368BDC378 /* Pods_EventsBy.framework */; };
		0C2F6F8C2070169700493876 /* AppDelegate.swift in Sources */ = {isa = PBXBuildFile; fileRef = 0C2F6F8B2070169700493876 /* AppDelegate.swift */; };
		0C2F6F932070169700493876 /* Assets.xcassets in Resources */ = {isa = PBXBuildFile; fileRef = 0C2F6F922070169700493876 /* Assets.xcassets */; };
		0C2F6F962070169700493876 /* LaunchScreen.storyboard in Resources */ = {isa = PBXBuildFile; fileRef = 0C2F6F942070169700493876 /* LaunchScreen.storyboard */; };
		0C2F6FA12070169700493876 /* EventsByTests.swift in Sources */ = {isa = PBXBuildFile; fileRef = 0C2F6FA02070169700493876 /* EventsByTests.swift */; };
		0C2F6FAC2070169700493876 /* EventsByUITests.swift in Sources */ = {isa = PBXBuildFile; fileRef = 0C2F6FAB2070169700493876 /* EventsByUITests.swift */; };
		0C2F6FBD20701A5800493876 /* EventListView.swift in Sources */ = {isa = PBXBuildFile; fileRef = 0C2F6FBC20701A5800493876 /* EventListView.swift */; };
		0C2F6FBF20701A6500493876 /* Events.storyboard in Resources */ = {isa = PBXBuildFile; fileRef = 0C2F6FBE20701A6500493876 /* Events.storyboard */; };
		0C2F6FC1207023E900493876 /* EventDetailsViewController.swift in Sources */ = {isa = PBXBuildFile; fileRef = 0C2F6FC0207023E900493876 /* EventDetailsViewController.swift */; };
		0C2F6FC3207023F300493876 /* EventDetails.storyboard in Resources */ = {isa = PBXBuildFile; fileRef = 0C2F6FC2207023F300493876 /* EventDetails.storyboard */; };
		120E9708B44636B0D48CD559 /* Pods_EventsByUITests.framework in Frameworks */ = {isa = PBXBuildFile; fileRef = 0D80F063AB0E1C74478CB52C /* Pods_EventsByUITests.framework */; };
		A35A9C9F20EA409500037F8B /* EventModel.swift in Sources */ = {isa = PBXBuildFile; fileRef = A35A9C9E20EA409500037F8B /* EventModel.swift */; };
		A35A9CA120EA458A00037F8B /* Uniq.swift in Sources */ = {isa = PBXBuildFile; fileRef = A35A9CA020EA458A00037F8B /* Uniq.swift */; };
		A35A9CA320EA470B00037F8B /* EventListRouter.swift in Sources */ = {isa = PBXBuildFile; fileRef = A35A9CA220EA470B00037F8B /* EventListRouter.swift */; };
		A35A9CA520EA49FC00037F8B /* EventListInteractor.swift in Sources */ = {isa = PBXBuildFile; fileRef = A35A9CA420EA49FC00037F8B /* EventListInteractor.swift */; };
		A35A9CA720EA4AEB00037F8B /* EventListPresenter.swift in Sources */ = {isa = PBXBuildFile; fileRef = A35A9CA620EA4AEB00037F8B /* EventListPresenter.swift */; };
		A35A9CAA20EA4B9100037F8B /* EventListViewProtocol.swift in Sources */ = {isa = PBXBuildFile; fileRef = A35A9CA920EA4B9100037F8B /* EventListViewProtocol.swift */; };
		A35A9CAC20EA4BB900037F8B /* EventListRouterProtocol.swift in Sources */ = {isa = PBXBuildFile; fileRef = A35A9CAB20EA4BB900037F8B /* EventListRouterProtocol.swift */; };
		A35A9CAE20EA4BD700037F8B /* EventListPresenterProtocol.swift in Sources */ = {isa = PBXBuildFile; fileRef = A35A9CAD20EA4BD700037F8B /* EventListPresenterProtocol.swift */; };
		A35A9CB020EA4BF800037F8B /* EventListInteractorProtocol.swift in Sources */ = {isa = PBXBuildFile; fileRef = A35A9CAF20EA4BF800037F8B /* EventListInteractorProtocol.swift */; };
		A35A9CB320EA4C7A00037F8B /* EventListRemoteDataManager.swift in Sources */ = {isa = PBXBuildFile; fileRef = A35A9CB220EA4C7A00037F8B /* EventListRemoteDataManager.swift */; };
		A35A9CB520EA4CE900037F8B /* EventListDataManagerInputProtocol.swift in Sources */ = {isa = PBXBuildFile; fileRef = A35A9CB420EA4CE900037F8B /* EventListDataManagerInputProtocol.swift */; };
		A35A9CB820EA4DF300037F8B /* Endpoints.swift in Sources */ = {isa = PBXBuildFile; fileRef = A35A9CB720EA4DF300037F8B /* Endpoints.swift */; };
		CE01D9F73A8582074C77BBB7 /* Pods_EventsByTests.framework in Frameworks */ = {isa = PBXBuildFile; fileRef = 999717499EB1AA980243DD33 /* Pods_EventsByTests.framework */; };
/* End PBXBuildFile section */

/* Begin PBXContainerItemProxy section */
		0C2F6F9D2070169700493876 /* PBXContainerItemProxy */ = {
			isa = PBXContainerItemProxy;
			containerPortal = 0C2F6F802070169700493876 /* Project object */;
			proxyType = 1;
			remoteGlobalIDString = 0C2F6F872070169700493876;
			remoteInfo = EventsBy;
		};
		0C2F6FA82070169700493876 /* PBXContainerItemProxy */ = {
			isa = PBXContainerItemProxy;
			containerPortal = 0C2F6F802070169700493876 /* Project object */;
			proxyType = 1;
			remoteGlobalIDString = 0C2F6F872070169700493876;
			remoteInfo = EventsBy;
		};
/* End PBXContainerItemProxy section */

/* Begin PBXFileReference section */
		0296282F67DE263368BDC378 /* Pods_EventsBy.framework */ = {isa = PBXFileReference; explicitFileType = wrapper.framework; includeInIndex = 0; path = Pods_EventsBy.framework; sourceTree = BUILT_PRODUCTS_DIR; };
		0C2F6F882070169700493876 /* EventsBy.app */ = {isa = PBXFileReference; explicitFileType = wrapper.application; includeInIndex = 0; path = EventsBy.app; sourceTree = BUILT_PRODUCTS_DIR; };
		0C2F6F8B2070169700493876 /* AppDelegate.swift */ = {isa = PBXFileReference; lastKnownFileType = sourcecode.swift; path = AppDelegate.swift; sourceTree = "<group>"; };
		0C2F6F922070169700493876 /* Assets.xcassets */ = {isa = PBXFileReference; lastKnownFileType = folder.assetcatalog; path = Assets.xcassets; sourceTree = "<group>"; };
		0C2F6F952070169700493876 /* Base */ = {isa = PBXFileReference; lastKnownFileType = file.storyboard; name = Base; path = Base.lproj/LaunchScreen.storyboard; sourceTree = "<group>"; };
		0C2F6F972070169700493876 /* Info.plist */ = {isa = PBXFileReference; lastKnownFileType = text.plist.xml; path = Info.plist; sourceTree = "<group>"; };
		0C2F6F9C2070169700493876 /* EventsByTests.xctest */ = {isa = PBXFileReference; explicitFileType = wrapper.cfbundle; includeInIndex = 0; path = EventsByTests.xctest; sourceTree = BUILT_PRODUCTS_DIR; };
		0C2F6FA02070169700493876 /* EventsByTests.swift */ = {isa = PBXFileReference; lastKnownFileType = sourcecode.swift; path = EventsByTests.swift; sourceTree = "<group>"; };
		0C2F6FA22070169700493876 /* Info.plist */ = {isa = PBXFileReference; lastKnownFileType = text.plist.xml; path = Info.plist; sourceTree = "<group>"; };
		0C2F6FA72070169700493876 /* EventsByUITests.xctest */ = {isa = PBXFileReference; explicitFileType = wrapper.cfbundle; includeInIndex = 0; path = EventsByUITests.xctest; sourceTree = BUILT_PRODUCTS_DIR; };
		0C2F6FAB2070169700493876 /* EventsByUITests.swift */ = {isa = PBXFileReference; lastKnownFileType = sourcecode.swift; path = EventsByUITests.swift; sourceTree = "<group>"; };
		0C2F6FAD2070169700493876 /* Info.plist */ = {isa = PBXFileReference; lastKnownFileType = text.plist.xml; path = Info.plist; sourceTree = "<group>"; };
		0C2F6FBC20701A5800493876 /* EventListView.swift */ = {isa = PBXFileReference; lastKnownFileType = sourcecode.swift; path = EventListView.swift; sourceTree = "<group>"; };
		0C2F6FBE20701A6500493876 /* Events.storyboard */ = {isa = PBXFileReference; lastKnownFileType = file.storyboard; path = Events.storyboard; sourceTree = "<group>"; };
		0C2F6FC0207023E900493876 /* EventDetailsViewController.swift */ = {isa = PBXFileReference; lastKnownFileType = sourcecode.swift; path = EventDetailsViewController.swift; sourceTree = "<group>"; };
		0C2F6FC2207023F300493876 /* EventDetails.storyboard */ = {isa = PBXFileReference; lastKnownFileType = file.storyboard; path = EventDetails.storyboard; sourceTree = "<group>"; };
		0D80F063AB0E1C74478CB52C /* Pods_EventsByUITests.framework */ = {isa = PBXFileReference; explicitFileType = wrapper.framework; includeInIndex = 0; path = Pods_EventsByUITests.framework; sourceTree = BUILT_PRODUCTS_DIR; };
		39E1A6737DF931697B7E050F /* Pods-EventsByUITests.release.xcconfig */ = {isa = PBXFileReference; includeInIndex = 1; lastKnownFileType = text.xcconfig; name = "Pods-EventsByUITests.release.xcconfig"; path = "Pods/Target Support Files/Pods-EventsByUITests/Pods-EventsByUITests.release.xcconfig"; sourceTree = "<group>"; };
		656540CA7FDF497312266C71 /* Pods-EventsBy.release.xcconfig */ = {isa = PBXFileReference; includeInIndex = 1; lastKnownFileType = text.xcconfig; name = "Pods-EventsBy.release.xcconfig"; path = "Pods/Target Support Files/Pods-EventsBy/Pods-EventsBy.release.xcconfig"; sourceTree = "<group>"; };
		7E22B50AABD79A206014994E /* Pods-EventsByTests.release.xcconfig */ = {isa = PBXFileReference; includeInIndex = 1; lastKnownFileType = text.xcconfig; name = "Pods-EventsByTests.release.xcconfig"; path = "Pods/Target Support Files/Pods-EventsByTests/Pods-EventsByTests.release.xcconfig"; sourceTree = "<group>"; };
		999717499EB1AA980243DD33 /* Pods_EventsByTests.framework */ = {isa = PBXFileReference; explicitFileType = wrapper.framework; includeInIndex = 0; path = Pods_EventsByTests.framework; sourceTree = BUILT_PRODUCTS_DIR; };
		9D2B9C265230C2FF9657CF11 /* Pods-EventsByUITests.debug.xcconfig */ = {isa = PBXFileReference; includeInIndex = 1; lastKnownFileType = text.xcconfig; name = "Pods-EventsByUITests.debug.xcconfig"; path = "Pods/Target Support Files/Pods-EventsByUITests/Pods-EventsByUITests.debug.xcconfig"; sourceTree = "<group>"; };
		A01F32FDA7015F2D115C1516 /* Pods-EventsByTests.debug.xcconfig */ = {isa = PBXFileReference; includeInIndex = 1; lastKnownFileType = text.xcconfig; name = "Pods-EventsByTests.debug.xcconfig"; path = "Pods/Target Support Files/Pods-EventsByTests/Pods-EventsByTests.debug.xcconfig"; sourceTree = "<group>"; };
		A35A9C9E20EA409500037F8B /* EventModel.swift */ = {isa = PBXFileReference; lastKnownFileType = sourcecode.swift; path = EventModel.swift; sourceTree = "<group>"; };
		A35A9CA020EA458A00037F8B /* Uniq.swift */ = {isa = PBXFileReference; lastKnownFileType = sourcecode.swift; path = Uniq.swift; sourceTree = "<group>"; };
		A35A9CA220EA470B00037F8B /* EventListRouter.swift */ = {isa = PBXFileReference; lastKnownFileType = sourcecode.swift; path = EventListRouter.swift; sourceTree = "<group>"; };
		A35A9CA420EA49FC00037F8B /* EventListInteractor.swift */ = {isa = PBXFileReference; lastKnownFileType = sourcecode.swift; path = EventListInteractor.swift; sourceTree = "<group>"; };
		A35A9CA620EA4AEB00037F8B /* EventListPresenter.swift */ = {isa = PBXFileReference; lastKnownFileType = sourcecode.swift; path = EventListPresenter.swift; sourceTree = "<group>"; };
		A35A9CA920EA4B9100037F8B /* EventListViewProtocol.swift */ = {isa = PBXFileReference; lastKnownFileType = sourcecode.swift; path = EventListViewProtocol.swift; sourceTree = "<group>"; };
		A35A9CAB20EA4BB900037F8B /* EventListRouterProtocol.swift */ = {isa = PBXFileReference; lastKnownFileType = sourcecode.swift; path = EventListRouterProtocol.swift; sourceTree = "<group>"; };
		A35A9CAD20EA4BD700037F8B /* EventListPresenterProtocol.swift */ = {isa = PBXFileReference; lastKnownFileType = sourcecode.swift; path = EventListPresenterProtocol.swift; sourceTree = "<group>"; };
		A35A9CAF20EA4BF800037F8B /* EventListInteractorProtocol.swift */ = {isa = PBXFileReference; lastKnownFileType = sourcecode.swift; path = EventListInteractorProtocol.swift; sourceTree = "<group>"; };
		A35A9CB220EA4C7A00037F8B /* EventListRemoteDataManager.swift */ = {isa = PBXFileReference; lastKnownFileType = sourcecode.swift; path = EventListRemoteDataManager.swift; sourceTree = "<group>"; };
		A35A9CB420EA4CE900037F8B /* EventListDataManagerInputProtocol.swift */ = {isa = PBXFileReference; lastKnownFileType = sourcecode.swift; path = EventListDataManagerInputProtocol.swift; sourceTree = "<group>"; };
		A35A9CB720EA4DF300037F8B /* Endpoints.swift */ = {isa = PBXFileReference; lastKnownFileType = sourcecode.swift; path = Endpoints.swift; sourceTree = "<group>"; };
		C39AE2E2D312250212984E4F /* Pods-EventsBy.debug.xcconfig */ = {isa = PBXFileReference; includeInIndex = 1; lastKnownFileType = text.xcconfig; name = "Pods-EventsBy.debug.xcconfig"; path = "Pods/Target Support Files/Pods-EventsBy/Pods-EventsBy.debug.xcconfig"; sourceTree = "<group>"; };
/* End PBXFileReference section */

/* Begin PBXFrameworksBuildPhase section */
		0C2F6F852070169700493876 /* Frameworks */ = {
			isa = PBXFrameworksBuildPhase;
			buildActionMask = 2147483647;
			files = (
				09D54588A8231E6ECAB5F6A7 /* Pods_EventsBy.framework in Frameworks */,
			);
			runOnlyForDeploymentPostprocessing = 0;
		};
		0C2F6F992070169700493876 /* Frameworks */ = {
			isa = PBXFrameworksBuildPhase;
			buildActionMask = 2147483647;
			files = (
				CE01D9F73A8582074C77BBB7 /* Pods_EventsByTests.framework in Frameworks */,
			);
			runOnlyForDeploymentPostprocessing = 0;
		};
		0C2F6FA42070169700493876 /* Frameworks */ = {
			isa = PBXFrameworksBuildPhase;
			buildActionMask = 2147483647;
			files = (
				120E9708B44636B0D48CD559 /* Pods_EventsByUITests.framework in Frameworks */,
			);
			runOnlyForDeploymentPostprocessing = 0;
		};
/* End PBXFrameworksBuildPhase section */

/* Begin PBXGroup section */
		0C2F6F7F2070169600493876 = {
			isa = PBXGroup;
			children = (
				0C2F6F8A2070169700493876 /* EventsBy */,
				0C2F6F9F2070169700493876 /* EventsByTests */,
				0C2F6FAA2070169700493876 /* EventsByUITests */,
				0C2F6F892070169700493876 /* Products */,
				E3B3523290D656D4E0D56E91 /* Pods */,
				B34567F3C9BC9103AD590570 /* Frameworks */,
			);
			sourceTree = "<group>";
		};
		0C2F6F892070169700493876 /* Products */ = {
			isa = PBXGroup;
			children = (
				0C2F6F882070169700493876 /* EventsBy.app */,
				0C2F6F9C2070169700493876 /* EventsByTests.xctest */,
				0C2F6FA72070169700493876 /* EventsByUITests.xctest */,
			);
			name = Products;
			sourceTree = "<group>";
		};
		0C2F6F8A2070169700493876 /* EventsBy */ = {
			isa = PBXGroup;
			children = (
				0C2F6F8B2070169700493876 /* AppDelegate.swift */,
				0C2F6FB920701A0800493876 /* Modules */,
				A35A9C9720EA3AFA00037F8B /* Models */,
				A35A9CB620EA4DBD00037F8B /* API */,
				0C2F6F922070169700493876 /* Assets.xcassets */,
				0C2F6F942070169700493876 /* LaunchScreen.storyboard */,
				0C2F6F972070169700493876 /* Info.plist */,
			);
			path = EventsBy;
			sourceTree = "<group>";
		};
		0C2F6F9F2070169700493876 /* EventsByTests */ = {
			isa = PBXGroup;
			children = (
				0C2F6FA02070169700493876 /* EventsByTests.swift */,
				0C2F6FA22070169700493876 /* Info.plist */,
			);
			path = EventsByTests;
			sourceTree = "<group>";
		};
		0C2F6FAA2070169700493876 /* EventsByUITests */ = {
			isa = PBXGroup;
			children = (
				0C2F6FAB2070169700493876 /* EventsByUITests.swift */,
				0C2F6FAD2070169700493876 /* Info.plist */,
			);
			path = EventsByUITests;
			sourceTree = "<group>";
		};
		0C2F6FB920701A0800493876 /* Modules */ = {
			isa = PBXGroup;
			children = (
				0C2F6FBA20701A1A00493876 /* EventList */,
				0C2F6FBB20701A3200493876 /* EventDetails */,
			);
			path = Modules;
			sourceTree = "<group>";
		};
		0C2F6FBA20701A1A00493876 /* EventList */ = {
			isa = PBXGroup;
			children = (
				A35A9CB120EA4C2700037F8B /* DataManager */,
				A35A9CA820EA4B6200037F8B /* Presenter */,
				A35A9C9920EA3CD400037F8B /* Router */,
				A35A9C9820EA3C7800037F8B /* View */,
				A35A9C9620EA3AA100037F8B /* Interactor */,
				0C2F6FBE20701A6500493876 /* Events.storyboard */,
			);
			path = EventList;
			sourceTree = "<group>";
		};
		0C2F6FBB20701A3200493876 /* EventDetails */ = {
			isa = PBXGroup;
			children = (
				0C2F6FC0207023E900493876 /* EventDetailsViewController.swift */,
				0C2F6FC2207023F300493876 /* EventDetails.storyboard */,
			);
			path = EventDetails;
			sourceTree = "<group>";
		};
		A35A9C9620EA3AA100037F8B /* Interactor */ = {
			isa = PBXGroup;
			children = (
				A35A9CA420EA49FC00037F8B /* EventListInteractor.swift */,
				A35A9CAF20EA4BF800037F8B /* EventListInteractorProtocol.swift */,
			);
			path = Interactor;
			sourceTree = "<group>";
		};
		A35A9C9720EA3AFA00037F8B /* Models */ = {
			isa = PBXGroup;
			children = (
				A35A9C9D20EA403B00037F8B /* DTO */,
				A35A9C9C20EA403600037F8B /* Database */,
				A35A9CA020EA458A00037F8B /* Uniq.swift */,
			);
			path = Models;
			sourceTree = "<group>";
		};
		A35A9C9820EA3C7800037F8B /* View */ = {
			isa = PBXGroup;
			children = (
				0C2F6FBC20701A5800493876 /* EventListView.swift */,
				A35A9CA920EA4B9100037F8B /* EventListViewProtocol.swift */,
			);
			path = View;
			sourceTree = "<group>";
		};
		A35A9C9920EA3CD400037F8B /* Router */ = {
			isa = PBXGroup;
			children = (
				A35A9CA220EA470B00037F8B /* EventListRouter.swift */,
				A35A9CAB20EA4BB900037F8B /* EventListRouterProtocol.swift */,
			);
			path = Router;
			sourceTree = "<group>";
		};
		A35A9C9C20EA403600037F8B /* Database */ = {
			isa = PBXGroup;
			children = (
			);
			path = Database;
			sourceTree = "<group>";
		};
		A35A9C9D20EA403B00037F8B /* DTO */ = {
			isa = PBXGroup;
			children = (
				A35A9C9E20EA409500037F8B /* EventModel.swift */,
			);
			path = DTO;
			sourceTree = "<group>";
		};
		A35A9CA820EA4B6200037F8B /* Presenter */ = {
			isa = PBXGroup;
			children = (
				A35A9CA620EA4AEB00037F8B /* EventListPresenter.swift */,
				A35A9CAD20EA4BD700037F8B /* EventListPresenterProtocol.swift */,
			);
			path = Presenter;
			sourceTree = "<group>";
		};
		A35A9CB120EA4C2700037F8B /* DataManager */ = {
			isa = PBXGroup;
			children = (
				A35A9CB220EA4C7A00037F8B /* EventListRemoteDataManager.swift */,
				A35A9CB420EA4CE900037F8B /* EventListDataManagerInputProtocol.swift */,
			);
			path = DataManager;
			sourceTree = "<group>";
		};
		A35A9CB620EA4DBD00037F8B /* API */ = {
			isa = PBXGroup;
			children = (
				A35A9CB720EA4DF300037F8B /* Endpoints.swift */,
			);
			path = API;
			sourceTree = "<group>";
		};
		B34567F3C9BC9103AD590570 /* Frameworks */ = {
			isa = PBXGroup;
			children = (
				0296282F67DE263368BDC378 /* Pods_EventsBy.framework */,
				999717499EB1AA980243DD33 /* Pods_EventsByTests.framework */,
				0D80F063AB0E1C74478CB52C /* Pods_EventsByUITests.framework */,
			);
			name = Frameworks;
			sourceTree = "<group>";
		};
		E3B3523290D656D4E0D56E91 /* Pods */ = {
			isa = PBXGroup;
			children = (
				C39AE2E2D312250212984E4F /* Pods-EventsBy.debug.xcconfig */,
				656540CA7FDF497312266C71 /* Pods-EventsBy.release.xcconfig */,
				A01F32FDA7015F2D115C1516 /* Pods-EventsByTests.debug.xcconfig */,
				7E22B50AABD79A206014994E /* Pods-EventsByTests.release.xcconfig */,
				9D2B9C265230C2FF9657CF11 /* Pods-EventsByUITests.debug.xcconfig */,
				39E1A6737DF931697B7E050F /* Pods-EventsByUITests.release.xcconfig */,
			);
			name = Pods;
			sourceTree = "<group>";
		};
/* End PBXGroup section */

/* Begin PBXNativeTarget section */
		0C2F6F872070169700493876 /* EventsBy */ = {
			isa = PBXNativeTarget;
			buildConfigurationList = 0C2F6FB02070169700493876 /* Build configuration list for PBXNativeTarget "EventsBy" */;
			buildPhases = (
				67F3A8D9F096AE6489DA43A6 /* [CP] Check Pods Manifest.lock */,
				0C2F6F842070169700493876 /* Sources */,
				0C2F6F852070169700493876 /* Frameworks */,
				0C2F6F862070169700493876 /* Resources */,
			);
			buildRules = (
			);
			dependencies = (
			);
			name = EventsBy;
			productName = EventsBy;
			productReference = 0C2F6F882070169700493876 /* EventsBy.app */;
			productType = "com.apple.product-type.application";
		};
		0C2F6F9B2070169700493876 /* EventsByTests */ = {
			isa = PBXNativeTarget;
			buildConfigurationList = 0C2F6FB32070169700493876 /* Build configuration list for PBXNativeTarget "EventsByTests" */;
			buildPhases = (
				18ED96BAD2522E2785E271A3 /* [CP] Check Pods Manifest.lock */,
				0C2F6F982070169700493876 /* Sources */,
				0C2F6F992070169700493876 /* Frameworks */,
				0C2F6F9A2070169700493876 /* Resources */,
			);
			buildRules = (
			);
			dependencies = (
				0C2F6F9E2070169700493876 /* PBXTargetDependency */,
			);
			name = EventsByTests;
			productName = EventsByTests;
			productReference = 0C2F6F9C2070169700493876 /* EventsByTests.xctest */;
			productType = "com.apple.product-type.bundle.unit-test";
		};
		0C2F6FA62070169700493876 /* EventsByUITests */ = {
			isa = PBXNativeTarget;
			buildConfigurationList = 0C2F6FB62070169700493876 /* Build configuration list for PBXNativeTarget "EventsByUITests" */;
			buildPhases = (
				B97DBB70EF8986ED935C47D3 /* [CP] Check Pods Manifest.lock */,
				0C2F6FA32070169700493876 /* Sources */,
				0C2F6FA42070169700493876 /* Frameworks */,
				0C2F6FA52070169700493876 /* Resources */,
			);
			buildRules = (
			);
			dependencies = (
				0C2F6FA92070169700493876 /* PBXTargetDependency */,
			);
			name = EventsByUITests;
			productName = EventsByUITests;
			productReference = 0C2F6FA72070169700493876 /* EventsByUITests.xctest */;
			productType = "com.apple.product-type.bundle.ui-testing";
		};
/* End PBXNativeTarget section */

/* Begin PBXProject section */
		0C2F6F802070169700493876 /* Project object */ = {
			isa = PBXProject;
			attributes = {
				LastSwiftUpdateCheck = 0920;
				LastUpgradeCheck = 0920;
				ORGANIZATIONNAME = "Events-By";
				TargetAttributes = {
					0C2F6F872070169700493876 = {
						CreatedOnToolsVersion = 9.2;
						ProvisioningStyle = Manual;
					};
					0C2F6F9B2070169700493876 = {
						CreatedOnToolsVersion = 9.2;
						ProvisioningStyle = Automatic;
						TestTargetID = 0C2F6F872070169700493876;
					};
					0C2F6FA62070169700493876 = {
						CreatedOnToolsVersion = 9.2;
						ProvisioningStyle = Automatic;
						TestTargetID = 0C2F6F872070169700493876;
					};
				};
			};
			buildConfigurationList = 0C2F6F832070169700493876 /* Build configuration list for PBXProject "EventsBy" */;
			compatibilityVersion = "Xcode 8.0";
			developmentRegion = en;
			hasScannedForEncodings = 0;
			knownRegions = (
				en,
				Base,
			);
			mainGroup = 0C2F6F7F2070169600493876;
			productRefGroup = 0C2F6F892070169700493876 /* Products */;
			projectDirPath = "";
			projectRoot = "";
			targets = (
				0C2F6F872070169700493876 /* EventsBy */,
				0C2F6F9B2070169700493876 /* EventsByTests */,
				0C2F6FA62070169700493876 /* EventsByUITests */,
			);
		};
/* End PBXProject section */

/* Begin PBXResourcesBuildPhase section */
		0C2F6F862070169700493876 /* Resources */ = {
			isa = PBXResourcesBuildPhase;
			buildActionMask = 2147483647;
			files = (
				0C2F6F962070169700493876 /* LaunchScreen.storyboard in Resources */,
				0C2F6FBF20701A6500493876 /* Events.storyboard in Resources */,
				0C2F6FC3207023F300493876 /* EventDetails.storyboard in Resources */,
				0C2F6F932070169700493876 /* Assets.xcassets in Resources */,
			);
			runOnlyForDeploymentPostprocessing = 0;
		};
		0C2F6F9A2070169700493876 /* Resources */ = {
			isa = PBXResourcesBuildPhase;
			buildActionMask = 2147483647;
			files = (
			);
			runOnlyForDeploymentPostprocessing = 0;
		};
		0C2F6FA52070169700493876 /* Resources */ = {
			isa = PBXResourcesBuildPhase;
			buildActionMask = 2147483647;
			files = (
			);
			runOnlyForDeploymentPostprocessing = 0;
		};
/* End PBXResourcesBuildPhase section */

/* Begin PBXShellScriptBuildPhase section */
		18ED96BAD2522E2785E271A3 /* [CP] Check Pods Manifest.lock */ = {
			isa = PBXShellScriptBuildPhase;
			buildActionMask = 2147483647;
			files = (
			);
			inputPaths = (
				"${PODS_PODFILE_DIR_PATH}/Podfile.lock",
				"${PODS_ROOT}/Manifest.lock",
			);
			name = "[CP] Check Pods Manifest.lock";
			outputPaths = (
				"$(DERIVED_FILE_DIR)/Pods-EventsByTests-checkManifestLockResult.txt",
			);
			runOnlyForDeploymentPostprocessing = 0;
			shellPath = /bin/sh;
			shellScript = "diff \"${PODS_PODFILE_DIR_PATH}/Podfile.lock\" \"${PODS_ROOT}/Manifest.lock\" > /dev/null\nif [ $? != 0 ] ; then\n    # print error to STDERR\n    echo \"error: The sandbox is not in sync with the Podfile.lock. Run 'pod install' or update your CocoaPods installation.\" >&2\n    exit 1\nfi\n# This output is used by Xcode 'outputs' to avoid re-running this script phase.\necho \"SUCCESS\" > \"${SCRIPT_OUTPUT_FILE_0}\"\n";
			showEnvVarsInLog = 0;
		};
		67F3A8D9F096AE6489DA43A6 /* [CP] Check Pods Manifest.lock */ = {
			isa = PBXShellScriptBuildPhase;
			buildActionMask = 2147483647;
			files = (
			);
			inputPaths = (
				"${PODS_PODFILE_DIR_PATH}/Podfile.lock",
				"${PODS_ROOT}/Manifest.lock",
			);
			name = "[CP] Check Pods Manifest.lock";
			outputPaths = (
				"$(DERIVED_FILE_DIR)/Pods-EventsBy-checkManifestLockResult.txt",
			);
			runOnlyForDeploymentPostprocessing = 0;
			shellPath = /bin/sh;
			shellScript = "diff \"${PODS_PODFILE_DIR_PATH}/Podfile.lock\" \"${PODS_ROOT}/Manifest.lock\" > /dev/null\nif [ $? != 0 ] ; then\n    # print error to STDERR\n    echo \"error: The sandbox is not in sync with the Podfile.lock. Run 'pod install' or update your CocoaPods installation.\" >&2\n    exit 1\nfi\n# This output is used by Xcode 'outputs' to avoid re-running this script phase.\necho \"SUCCESS\" > \"${SCRIPT_OUTPUT_FILE_0}\"\n";
			showEnvVarsInLog = 0;
		};
		B97DBB70EF8986ED935C47D3 /* [CP] Check Pods Manifest.lock */ = {
			isa = PBXShellScriptBuildPhase;
			buildActionMask = 2147483647;
			files = (
			);
			inputPaths = (
				"${PODS_PODFILE_DIR_PATH}/Podfile.lock",
				"${PODS_ROOT}/Manifest.lock",
			);
			name = "[CP] Check Pods Manifest.lock";
			outputPaths = (
				"$(DERIVED_FILE_DIR)/Pods-EventsByUITests-checkManifestLockResult.txt",
			);
			runOnlyForDeploymentPostprocessing = 0;
			shellPath = /bin/sh;
			shellScript = "diff \"${PODS_PODFILE_DIR_PATH}/Podfile.lock\" \"${PODS_ROOT}/Manifest.lock\" > /dev/null\nif [ $? != 0 ] ; then\n    # print error to STDERR\n    echo \"error: The sandbox is not in sync with the Podfile.lock. Run 'pod install' or update your CocoaPods installation.\" >&2\n    exit 1\nfi\n# This output is used by Xcode 'outputs' to avoid re-running this script phase.\necho \"SUCCESS\" > \"${SCRIPT_OUTPUT_FILE_0}\"\n";
			showEnvVarsInLog = 0;
		};
/* End PBXShellScriptBuildPhase section */

/* Begin PBXSourcesBuildPhase section */
		0C2F6F842070169700493876 /* Sources */ = {
			isa = PBXSourcesBuildPhase;
			buildActionMask = 2147483647;
			files = (
				A35A9CA120EA458A00037F8B /* Uniq.swift in Sources */,
				A35A9CB520EA4CE900037F8B /* EventListDataManagerInputProtocol.swift in Sources */,
				A35A9CB020EA4BF800037F8B /* EventListInteractorProtocol.swift in Sources */,
				0C2F6FC1207023E900493876 /* EventDetailsViewController.swift in Sources */,
				A35A9CB820EA4DF300037F8B /* Endpoints.swift in Sources */,
				0C2F6F8C2070169700493876 /* AppDelegate.swift in Sources */,
				A35A9CAC20EA4BB900037F8B /* EventListRouterProtocol.swift in Sources */,
				A35A9C9F20EA409500037F8B /* EventModel.swift in Sources */,
				A35A9CAE20EA4BD700037F8B /* EventListPresenterProtocol.swift in Sources */,
				A35A9CAA20EA4B9100037F8B /* EventListViewProtocol.swift in Sources */,
				A35A9CA520EA49FC00037F8B /* EventListInteractor.swift in Sources */,
				A35A9CB320EA4C7A00037F8B /* EventListRemoteDataManager.swift in Sources */,
				0C2F6FBD20701A5800493876 /* EventListView.swift in Sources */,
				A35A9CA320EA470B00037F8B /* EventListRouter.swift in Sources */,
				A35A9CA720EA4AEB00037F8B /* EventListPresenter.swift in Sources */,
			);
			runOnlyForDeploymentPostprocessing = 0;
		};
		0C2F6F982070169700493876 /* Sources */ = {
			isa = PBXSourcesBuildPhase;
			buildActionMask = 2147483647;
			files = (
				0C2F6FA12070169700493876 /* EventsByTests.swift in Sources */,
			);
			runOnlyForDeploymentPostprocessing = 0;
		};
		0C2F6FA32070169700493876 /* Sources */ = {
			isa = PBXSourcesBuildPhase;
			buildActionMask = 2147483647;
			files = (
				0C2F6FAC2070169700493876 /* EventsByUITests.swift in Sources */,
			);
			runOnlyForDeploymentPostprocessing = 0;
		};
/* End PBXSourcesBuildPhase section */

/* Begin PBXTargetDependency section */
		0C2F6F9E2070169700493876 /* PBXTargetDependency */ = {
			isa = PBXTargetDependency;
			target = 0C2F6F872070169700493876 /* EventsBy */;
			targetProxy = 0C2F6F9D2070169700493876 /* PBXContainerItemProxy */;
		};
		0C2F6FA92070169700493876 /* PBXTargetDependency */ = {
			isa = PBXTargetDependency;
			target = 0C2F6F872070169700493876 /* EventsBy */;
			targetProxy = 0C2F6FA82070169700493876 /* PBXContainerItemProxy */;
		};
/* End PBXTargetDependency section */

/* Begin PBXVariantGroup section */
		0C2F6F942070169700493876 /* LaunchScreen.storyboard */ = {
			isa = PBXVariantGroup;
			children = (
				0C2F6F952070169700493876 /* Base */,
			);
			name = LaunchScreen.storyboard;
			sourceTree = "<group>";
		};
/* End PBXVariantGroup section */

/* Begin XCBuildConfiguration section */
		0C2F6FAE2070169700493876 /* Debug */ = {
			isa = XCBuildConfiguration;
			buildSettings = {
				ALWAYS_SEARCH_USER_PATHS = NO;
				CLANG_ANALYZER_NONNULL = YES;
				CLANG_ANALYZER_NUMBER_OBJECT_CONVERSION = YES_AGGRESSIVE;
				CLANG_CXX_LANGUAGE_STANDARD = "gnu++14";
				CLANG_CXX_LIBRARY = "libc++";
				CLANG_ENABLE_MODULES = YES;
				CLANG_ENABLE_OBJC_ARC = YES;
				CLANG_WARN_BLOCK_CAPTURE_AUTORELEASING = YES;
				CLANG_WARN_BOOL_CONVERSION = YES;
				CLANG_WARN_COMMA = YES;
				CLANG_WARN_CONSTANT_CONVERSION = YES;
				CLANG_WARN_DIRECT_OBJC_ISA_USAGE = YES_ERROR;
				CLANG_WARN_DOCUMENTATION_COMMENTS = YES;
				CLANG_WARN_EMPTY_BODY = YES;
				CLANG_WARN_ENUM_CONVERSION = YES;
				CLANG_WARN_INFINITE_RECURSION = YES;
				CLANG_WARN_INT_CONVERSION = YES;
				CLANG_WARN_NON_LITERAL_NULL_CONVERSION = YES;
				CLANG_WARN_OBJC_LITERAL_CONVERSION = YES;
				CLANG_WARN_OBJC_ROOT_CLASS = YES_ERROR;
				CLANG_WARN_RANGE_LOOP_ANALYSIS = YES;
				CLANG_WARN_STRICT_PROTOTYPES = YES;
				CLANG_WARN_SUSPICIOUS_MOVE = YES;
				CLANG_WARN_UNGUARDED_AVAILABILITY = YES_AGGRESSIVE;
				CLANG_WARN_UNREACHABLE_CODE = YES;
				CLANG_WARN__DUPLICATE_METHOD_MATCH = YES;
				CODE_SIGN_IDENTITY = "iPhone Developer";
				COPY_PHASE_STRIP = NO;
				DEBUG_INFORMATION_FORMAT = dwarf;
				ENABLE_STRICT_OBJC_MSGSEND = YES;
				ENABLE_TESTABILITY = YES;
				GCC_C_LANGUAGE_STANDARD = gnu11;
				GCC_DYNAMIC_NO_PIC = NO;
				GCC_NO_COMMON_BLOCKS = YES;
				GCC_OPTIMIZATION_LEVEL = 0;
				GCC_PREPROCESSOR_DEFINITIONS = (
					"DEBUG=1",
					"$(inherited)",
				);
				GCC_WARN_64_TO_32_BIT_CONVERSION = YES;
				GCC_WARN_ABOUT_RETURN_TYPE = YES_ERROR;
				GCC_WARN_UNDECLARED_SELECTOR = YES;
				GCC_WARN_UNINITIALIZED_AUTOS = YES_AGGRESSIVE;
				GCC_WARN_UNUSED_FUNCTION = YES;
				GCC_WARN_UNUSED_VARIABLE = YES;
				IPHONEOS_DEPLOYMENT_TARGET = 11.2;
				MTL_ENABLE_DEBUG_INFO = YES;
				ONLY_ACTIVE_ARCH = YES;
				SDKROOT = iphoneos;
				SWIFT_ACTIVE_COMPILATION_CONDITIONS = DEBUG;
				SWIFT_OPTIMIZATION_LEVEL = "-Onone";
			};
			name = Debug;
		};
		0C2F6FAF2070169700493876 /* Release */ = {
			isa = XCBuildConfiguration;
			buildSettings = {
				ALWAYS_SEARCH_USER_PATHS = NO;
				CLANG_ANALYZER_NONNULL = YES;
				CLANG_ANALYZER_NUMBER_OBJECT_CONVERSION = YES_AGGRESSIVE;
				CLANG_CXX_LANGUAGE_STANDARD = "gnu++14";
				CLANG_CXX_LIBRARY = "libc++";
				CLANG_ENABLE_MODULES = YES;
				CLANG_ENABLE_OBJC_ARC = YES;
				CLANG_WARN_BLOCK_CAPTURE_AUTORELEASING = YES;
				CLANG_WARN_BOOL_CONVERSION = YES;
				CLANG_WARN_COMMA = YES;
				CLANG_WARN_CONSTANT_CONVERSION = YES;
				CLANG_WARN_DIRECT_OBJC_ISA_USAGE = YES_ERROR;
				CLANG_WARN_DOCUMENTATION_COMMENTS = YES;
				CLANG_WARN_EMPTY_BODY = YES;
				CLANG_WARN_ENUM_CONVERSION = YES;
				CLANG_WARN_INFINITE_RECURSION = YES;
				CLANG_WARN_INT_CONVERSION = YES;
				CLANG_WARN_NON_LITERAL_NULL_CONVERSION = YES;
				CLANG_WARN_OBJC_LITERAL_CONVERSION = YES;
				CLANG_WARN_OBJC_ROOT_CLASS = YES_ERROR;
				CLANG_WARN_RANGE_LOOP_ANALYSIS = YES;
				CLANG_WARN_STRICT_PROTOTYPES = YES;
				CLANG_WARN_SUSPICIOUS_MOVE = YES;
				CLANG_WARN_UNGUARDED_AVAILABILITY = YES_AGGRESSIVE;
				CLANG_WARN_UNREACHABLE_CODE = YES;
				CLANG_WARN__DUPLICATE_METHOD_MATCH = YES;
				CODE_SIGN_IDENTITY = "iPhone Developer";
				COPY_PHASE_STRIP = NO;
				DEBUG_INFORMATION_FORMAT = "dwarf-with-dsym";
				ENABLE_NS_ASSERTIONS = NO;
				ENABLE_STRICT_OBJC_MSGSEND = YES;
				GCC_C_LANGUAGE_STANDARD = gnu11;
				GCC_NO_COMMON_BLOCKS = YES;
				GCC_WARN_64_TO_32_BIT_CONVERSION = YES;
				GCC_WARN_ABOUT_RETURN_TYPE = YES_ERROR;
				GCC_WARN_UNDECLARED_SELECTOR = YES;
				GCC_WARN_UNINITIALIZED_AUTOS = YES_AGGRESSIVE;
				GCC_WARN_UNUSED_FUNCTION = YES;
				GCC_WARN_UNUSED_VARIABLE = YES;
				IPHONEOS_DEPLOYMENT_TARGET = 11.2;
				MTL_ENABLE_DEBUG_INFO = NO;
				SDKROOT = iphoneos;
				SWIFT_OPTIMIZATION_LEVEL = "-Owholemodule";
				VALIDATE_PRODUCT = YES;
			};
			name = Release;
		};
		0C2F6FB12070169700493876 /* Debug */ = {
			isa = XCBuildConfiguration;
			baseConfigurationReference = C39AE2E2D312250212984E4F /* Pods-EventsBy.debug.xcconfig */;
			buildSettings = {
				ASSETCATALOG_COMPILER_APPICON_NAME = AppIcon;
				CODE_SIGN_STYLE = Manual;
				DEVELOPMENT_TEAM = "";
				INFOPLIST_FILE = EventsBy/Info.plist;
				IPHONEOS_DEPLOYMENT_TARGET = 11.0;
				LD_RUNPATH_SEARCH_PATHS = "$(inherited) @executable_path/Frameworks";
				PRODUCT_BUNDLE_IDENTIFIER = by.hrodna.events.EventsBy;
				PRODUCT_NAME = "$(TARGET_NAME)";
				PROVISIONING_PROFILE_SPECIFIER = "";
				SWIFT_VERSION = 4.0;
				TARGETED_DEVICE_FAMILY = "1,2";
			};
			name = Debug;
		};
		0C2F6FB22070169700493876 /* Release */ = {
			isa = XCBuildConfiguration;
			baseConfigurationReference = 656540CA7FDF497312266C71 /* Pods-EventsBy.release.xcconfig */;
			buildSettings = {
				ASSETCATALOG_COMPILER_APPICON_NAME = AppIcon;
				CODE_SIGN_STYLE = Manual;
				DEVELOPMENT_TEAM = "";
				INFOPLIST_FILE = EventsBy/Info.plist;
				IPHONEOS_DEPLOYMENT_TARGET = 11.0;
				LD_RUNPATH_SEARCH_PATHS = "$(inherited) @executable_path/Frameworks";
				PRODUCT_BUNDLE_IDENTIFIER = by.hrodna.events.EventsBy;
				PRODUCT_NAME = "$(TARGET_NAME)";
				PROVISIONING_PROFILE_SPECIFIER = "";
				SWIFT_VERSION = 4.0;
				TARGETED_DEVICE_FAMILY = "1,2";
			};
			name = Release;
		};
		0C2F6FB42070169700493876 /* Debug */ = {
			isa = XCBuildConfiguration;
			baseConfigurationReference = A01F32FDA7015F2D115C1516 /* Pods-EventsByTests.debug.xcconfig */;
			buildSettings = {
				ALWAYS_EMBED_SWIFT_STANDARD_LIBRARIES = YES;
				BUNDLE_LOADER = "$(TEST_HOST)";
				CODE_SIGN_STYLE = Automatic;
				INFOPLIST_FILE = EventsByTests/Info.plist;
				LD_RUNPATH_SEARCH_PATHS = "$(inherited) @executable_path/Frameworks @loader_path/Frameworks";
				PRODUCT_BUNDLE_IDENTIFIER = by.hrodna.events.EventsByTests;
				PRODUCT_NAME = "$(TARGET_NAME)";
				SWIFT_VERSION = 4.0;
				TARGETED_DEVICE_FAMILY = "1,2";
				TEST_HOST = "$(BUILT_PRODUCTS_DIR)/EventsBy.app/EventsBy";
			};
			name = Debug;
		};
		0C2F6FB52070169700493876 /* Release */ = {
			isa = XCBuildConfiguration;
			baseConfigurationReference = 7E22B50AABD79A206014994E /* Pods-EventsByTests.release.xcconfig */;
			buildSettings = {
				ALWAYS_EMBED_SWIFT_STANDARD_LIBRARIES = YES;
				BUNDLE_LOADER = "$(TEST_HOST)";
				CODE_SIGN_STYLE = Automatic;
				INFOPLIST_FILE = EventsByTests/Info.plist;
				LD_RUNPATH_SEARCH_PATHS = "$(inherited) @executable_path/Frameworks @loader_path/Frameworks";
				PRODUCT_BUNDLE_IDENTIFIER = by.hrodna.events.EventsByTests;
				PRODUCT_NAME = "$(TARGET_NAME)";
				SWIFT_VERSION = 4.0;
				TARGETED_DEVICE_FAMILY = "1,2";
				TEST_HOST = "$(BUILT_PRODUCTS_DIR)/EventsBy.app/EventsBy";
			};
			name = Release;
		};
		0C2F6FB72070169700493876 /* Debug */ = {
			isa = XCBuildConfiguration;
			baseConfigurationReference = 9D2B9C265230C2FF9657CF11 /* Pods-EventsByUITests.debug.xcconfig */;
			buildSettings = {
				ALWAYS_EMBED_SWIFT_STANDARD_LIBRARIES = YES;
				CODE_SIGN_STYLE = Automatic;
				INFOPLIST_FILE = EventsByUITests/Info.plist;
				LD_RUNPATH_SEARCH_PATHS = "$(inherited) @executable_path/Frameworks @loader_path/Frameworks";
				PRODUCT_BUNDLE_IDENTIFIER = by.hrodna.events.EventsByUITests;
				PRODUCT_NAME = "$(TARGET_NAME)";
				SWIFT_VERSION = 4.0;
				TARGETED_DEVICE_FAMILY = "1,2";
				TEST_TARGET_NAME = EventsBy;
			};
			name = Debug;
		};
		0C2F6FB82070169700493876 /* Release */ = {
			isa = XCBuildConfiguration;
			baseConfigurationReference = 39E1A6737DF931697B7E050F /* Pods-EventsByUITests.release.xcconfig */;
			buildSettings = {
				ALWAYS_EMBED_SWIFT_STANDARD_LIBRARIES = YES;
				CODE_SIGN_STYLE = Automatic;
				INFOPLIST_FILE = EventsByUITests/Info.plist;
				LD_RUNPATH_SEARCH_PATHS = "$(inherited) @executable_path/Frameworks @loader_path/Frameworks";
				PRODUCT_BUNDLE_IDENTIFIER = by.hrodna.events.EventsByUITests;
				PRODUCT_NAME = "$(TARGET_NAME)";
				SWIFT_VERSION = 4.0;
				TARGETED_DEVICE_FAMILY = "1,2";
				TEST_TARGET_NAME = EventsBy;
			};
			name = Release;
		};
/* End XCBuildConfiguration section */

/* Begin XCConfigurationList section */
		0C2F6F832070169700493876 /* Build configuration list for PBXProject "EventsBy" */ = {
			isa = XCConfigurationList;
			buildConfigurations = (
				0C2F6FAE2070169700493876 /* Debug */,
				0C2F6FAF2070169700493876 /* Release */,
			);
			defaultConfigurationIsVisible = 0;
			defaultConfigurationName = Release;
		};
		0C2F6FB02070169700493876 /* Build configuration list for PBXNativeTarget "EventsBy" */ = {
			isa = XCConfigurationList;
			buildConfigurations = (
				0C2F6FB12070169700493876 /* Debug */,
				0C2F6FB22070169700493876 /* Release */,
			);
			defaultConfigurationIsVisible = 0;
			defaultConfigurationName = Release;
		};
		0C2F6FB32070169700493876 /* Build configuration list for PBXNativeTarget "EventsByTests" */ = {
			isa = XCConfigurationList;
			buildConfigurations = (
				0C2F6FB42070169700493876 /* Debug */,
				0C2F6FB52070169700493876 /* Release */,
			);
			defaultConfigurationIsVisible = 0;
			defaultConfigurationName = Release;
		};
		0C2F6FB62070169700493876 /* Build configuration list for PBXNativeTarget "EventsByUITests" */ = {
			isa = XCConfigurationList;
			buildConfigurations = (
				0C2F6FB72070169700493876 /* Debug */,
				0C2F6FB82070169700493876 /* Release */,
			);
			defaultConfigurationIsVisible = 0;
			defaultConfigurationName = Release;
		};
/* End XCConfigurationList section */
	};
	rootObject = 0C2F6F802070169700493876 /* Project object */;
}
